<?xml version="1.0" encoding="utf-8"?>
<Project ToolsVersion="4.0" xmlns="http://schemas.microsoft.com/developer/msbuild/2003">
  <ItemGroup>
    <Filter Include="Source Files">
      <UniqueIdentifier>{4FC737F1-C7A5-4376-A066-2A32D752A2FF}</UniqueIdentifier>
      <Extensions>cpp;c;cc;cxx;def;odl;idl;hpj;bat;asm;asmx</Extensions>
    </Filter>
    <Filter Include="Header Files">
      <UniqueIdentifier>{93995380-89BD-4b04-88EB-625FBE52EBFB}</UniqueIdentifier>
      <Extensions>h;hh;hpp;hxx;hm;inl;inc;ipp;xsd</Extensions>
    </Filter>
    <Filter Include="Resource Files">
      <UniqueIdentifier>{67DA6AB6-F800-4c08-8B7A-83BB121AAD01}</UniqueIdentifier>
      <Extensions>rc;ico;cur;bmp;dlg;rc2;rct;bin;rgs;gif;jpg;jpeg;jpe;resx;tiff;tif;png;wav;mfcribbon-ms</Extensions>
    </Filter>
  </ItemGroup>
  <ItemGroup>
    <ClCompile Include="..\..\osa\src\OsaAssert.c">
      <Filter>Source Files</Filter>
    </ClCompile>
    <ClCompile Include="..\..\osa\src\OsaError.c">
      <Filter>Source Files</Filter>
    </ClCompile>
    <ClCompile Include="..\..\osa\src\OsaErrorWin.c">
      <Filter>Source Files</Filter>
    </ClCompile>
    <ClCompile Include="..\..\osa\src\OsaFileWin.c">
      <Filter>Source Files</Filter>
    </ClCompile>
    <ClCompile Include="..\..\osa\src\OsaHardware.c">
      <Filter>Source Files</Filter>
    </ClCompile>
    <ClCompile Include="..\..\osa\src\OsaInitWin.c">
      <Filter>Source Files</Filter>
    </ClCompile>
    <ClCompile Include="..\..\osa\src\OsaIpHelperWin.c">
      <Filter>Source Files</Filter>
    </ClCompile>
    <ClCompile Include="..\..\osa\src\OsaList.c">
      <Filter>Source Files</Filter>
    </ClCompile>
    <ClCompile Include="..\..\osa\src\OsaMemWin.c">
      <Filter>Source Files</Filter>
    </ClCompile>
    <ClCompile Include="..\..\osa\src\OsaMsgQWin.c">
      <Filter>Source Files</Filter>
    </ClCompile>
    <ClCompile Include="..\..\osa\src\OsaSocketWin.c">
      <Filter>Source Files</Filter>
    </ClCompile>
    <ClCompile Include="..\..\osa\src\OsaStringWin.c">
      <Filter>Source Files</Filter>
    </ClCompile>
    <ClCompile Include="..\..\osa\src\OsaSyncWin.c">
      <Filter>Source Files</Filter>
    </ClCompile>
    <ClCompile Include="..\..\osa\src\OsaThreadsWin.c">
      <Filter>Source Files</Filter>
    </ClCompile>
    <ClCompile Include="..\..\osa\src\OsaTimeWin.c">
      <Filter>Source Files</Filter>
    </ClCompile>
  </ItemGroup>
  <ItemGroup>
    <ClInclude Include="..\..\osa\inc\Osa.h">
      <Filter>Header Files</Filter>
    </ClInclude>
    <ClInclude Include="..\..\osa\inc\OsaAssert.h">
      <Filter>Header Files</Filter>
    </ClInclude>
    <ClInclude Include="..\..\osa\inc\OsaDef.h">
      <Filter>Header Files</Filter>
    </ClInclude>
    <ClInclude Include="..\..\osa\inc\OsaError.h">
      <Filter>Header Files</Filter>
    </ClInclude>
    <ClInclude Include="..\..\osa\inc\OsaFile.h">
      <Filter>Header Files</Filter>
    </ClInclude>
    <ClInclude Include="..\..\osa\inc\OsaGenTypes.h">
      <Filter>Header Files</Filter>
    </ClInclude>
    <ClInclude Include="..\..\osa\inc\OsaGenTypesWin.h">
      <Filter>Header Files</Filter>
    </ClInclude>
    <ClInclude Include="..\..\osa\inc\OsaHardware.h">
      <Filter>Header Files</Filter>
    </ClInclude>
    <ClInclude Include="..\..\osa\inc\OsaInit.h">
      <Filter>Header Files</Filter>
    </ClInclude>
    <ClInclude Include="..\..\osa\inc\OsaIpHelper.h">
      <Filter>Header Files</Filter>
    </ClInclude>
    <ClInclude Include="..\..\osa\inc\OsaList.h">
      <Filter>Header Files</Filter>
    </ClInclude>
    <ClInclude Include="..\..\osa\inc\OsaMem.h">
      <Filter>Header Files</Filter>
    </ClInclude>
    <ClInclude Include="..\..\osa\inc\OsaMsgQ.h">
      <Filter>Header Files</Filter>
    </ClInclude>
    <ClInclude Include="..\..\osa\inc\OsaSocket.h">
      <Filter>Header Files</Filter>
    </ClInclude>
    <ClInclude Include="..\..\osa\inc\OsaString.h">
      <Filter>Header Files</Filter>
    </ClInclude>
    <ClInclude Include="..\..\osa\inc\OsaSync.h">
      <Filter>Header Files</Filter>
    </ClInclude>
    <ClInclude Include="..\..\osa\inc\OsaThreads.h">
      <Filter>Header Files</Filter>
    </ClInclude>
    <ClInclude Include="..\..\osa\inc\OsaTime.h">
      <Filter>Header Files</Filter>
    </ClInclude>
    <ClInclude Include="..\..\osa\inc\OsaWin.h">
      <Filter>Header Files</Filter>
    </ClInclude>
  </ItemGroup>
</Project>